
Microsoft Visual Studio Solution File, Format Version 12.00
# Visual Studio Version 17
VisualStudioVersion = 17.7.34221.43
MinimumVisualStudioVersion = 10.0.40219.1
Project("{FAE04EC0-301F-11D3-BF4B-00C04F79EFBC}") = "ConsoleApp1", "ConsoleApp1\ConsoleApp1.csproj", "{B719999C-4C70-4908-AD0E-BB1E1E1B534B}"
EndProject
Global
	GlobalSection(SolutionConfigurationPlatforms) = preSolution
		Debug|Any CPU = Debug|Any CPU
		Release|Any CPU = Release|Any CPU
	EndGlobalSection
	GlobalSection(ProjectConfigurationPlatforms) = postSolution
		{B719999C-4C70-4908-AD0E-BB1E1E1B534B}.Debug|Any CPU.ActiveCfg = Debug|Any CPU
		{B719999C-4C70-4908-AD0E-BB1E1E1B534B}.Debug|Any CPU.Build.0 = Debug|Any CPU
		{B719999C-4C70-4908-AD0E-BB1E1E1B534B}.Release|Any CPU.ActiveCfg = Release|Any CPU
		{B719999C-4C70-4908-AD0E-BB1E1E1B534B}.Release|Any CPU.Build.0 = Release|Any CPU
	EndGlobalSection
	GlobalSection(SolutionProperties) = preSolution
		HideSolutionNode = FALSE
	EndGlobalSection
	GlobalSection(ExtensibilityGlobals) = postSolution
		SolutionGuid = {17E39B3A-7A4C-4E2E-BA1E-80A15F8B282B}
	EndGlobalSection
EndGlobal
